
Microsoft Visual Studio Solution File, Format Version 12.00
# Visual Studio Version 16
VisualStudioVersion = 16.0.30804.86
MinimumVisualStudioVersion = 10.0.40219.1
Project("{FAE04EC0-301F-11D3-BF4B-00C04F79EFBC}") = "PasswordGenerator", "PasswordGenerator\PasswordGenerator.csproj", "{191ECA35-C711-4205-AD4B-31D381E1B578}"
EndProject
Global
	GlobalSection(SolutionConfigurationPlatforms) = preSolution
		Debug|Any CPU = Debug|Any CPU
		Release|Any CPU = Release|Any CPU
	EndGlobalSection
	GlobalSection(ProjectConfigurationPlatforms) = postSolution
		{191ECA35-C711-4205-AD4B-31D381E1B578}.Debug|Any CPU.ActiveCfg = Debug|Any CPU
		{191ECA35-C711-4205-AD4B-31D381E1B578}.Debug|Any CPU.Build.0 = Debug|Any CPU
		{191ECA35-C711-4205-AD4B-31D381E1B578}.Release|Any CPU.ActiveCfg = Release|Any CPU
		{191ECA35-C711-4205-AD4B-31D381E1B578}.Release|Any CPU.Build.0 = Release|Any CPU
	EndGlobalSection
	GlobalSection(SolutionProperties) = preSolution
		HideSolutionNode = FALSE
	EndGlobalSection
	GlobalSection(ExtensibilityGlobals) = postSolution
		SolutionGuid = {B5A84BC4-636A-4118-9872-C112B0051D69}
	EndGlobalSection
EndGlobal
